// !$*UTF8*$!
{
	archiveVersion = 1;
	classes = {
	};
	objectVersion = 50;
	objects = {

/* Begin PBXBuildFile section */
		89BE58DEFD893F0B8DC4895A /* Pods_ChallengeProjectUITests.framework in Frameworks */ = {isa = PBXBuildFile; fileRef = B85F921BF044F2BE490D2E9D /* Pods_ChallengeProjectUITests.framework */; };
		C89EE373E7B6413B82D2FFAB /* Pods_ChallengeProjectTests.framework in Frameworks */ = {isa = PBXBuildFile; fileRef = A8C951753A217D6722DF8F61 /* Pods_ChallengeProjectTests.framework */; };
		D121F263DD7FEBD2633E065C /* Pods_ChallengeProject.framework in Frameworks */ = {isa = PBXBuildFile; fileRef = 0C794387533226AF31657CC4 /* Pods_ChallengeProject.framework */; };
		DF251E6C2438A2180014BA1E /* Result+test.swift in Sources */ = {isa = PBXBuildFile; fileRef = DF251E6B2438A2180014BA1E /* Result+test.swift */; };
		DF251E6F2438A2690014BA1E /* DataCachingTestCase.swift in Sources */ = {isa = PBXBuildFile; fileRef = DF251E6E2438A2690014BA1E /* DataCachingTestCase.swift */; };
		DF251E722438AE0C0014BA1E /* HttpClientTestCase.swift in Sources */ = {isa = PBXBuildFile; fileRef = DF251E712438AE0C0014BA1E /* HttpClientTestCase.swift */; };
		DF251E782438DC610014BA1E /* AppConfigTestCase.swift in Sources */ = {isa = PBXBuildFile; fileRef = DF251E772438DC610014BA1E /* AppConfigTestCase.swift */; };
		DF251E7B2438DDE60014BA1E /* ModelsTestCase.swift in Sources */ = {isa = PBXBuildFile; fileRef = DF251E7A2438DDE60014BA1E /* ModelsTestCase.swift */; };
		DF2CE0F624389F1600D061F9 /* BaseTestCase.swift in Sources */ = {isa = PBXBuildFile; fileRef = DF2CE0F524389F1600D061F9 /* BaseTestCase.swift */; };
		DFA06BA92437AEF300E1BBFF /* ChallengeProjectUITests.swift in Sources */ = {isa = PBXBuildFile; fileRef = DFA06BA82437AEF300E1BBFF /* ChallengeProjectUITests.swift */; };
		DFA06BB82437AF9000E1BBFF /* AppDelegate.swift in Sources */ = {isa = PBXBuildFile; fileRef = DFA06BB72437AF9000E1BBFF /* AppDelegate.swift */; };
		DFA06C022437B13400E1BBFF /* HttpClient.swift in Sources */ = {isa = PBXBuildFile; fileRef = DFA06BE82437B13400E1BBFF /* HttpClient.swift */; };
		DFA06C032437B13400E1BBFF /* UIView+hud.swift in Sources */ = {isa = PBXBuildFile; fileRef = DFA06BEA2437B13400E1BBFF /* UIView+hud.swift */; };
		DFA06C042437B13400E1BBFF /* UIViewControllerSafeArea.swift in Sources */ = {isa = PBXBuildFile; fileRef = DFA06BEB2437B13400E1BBFF /* UIViewControllerSafeArea.swift */; };
		DFA06C052437B13400E1BBFF /* Thread+safeMainAsyn.swift in Sources */ = {isa = PBXBuildFile; fileRef = DFA06BEC2437B13400E1BBFF /* Thread+safeMainAsyn.swift */; };
		DFA06C062437B13400E1BBFF /* AppConfig.swift in Sources */ = {isa = PBXBuildFile; fileRef = DFA06BEE2437B13400E1BBFF /* AppConfig.swift */; };
		DFA06C072437B13400E1BBFF /* CPHomePageCell.swift in Sources */ = {isa = PBXBuildFile; fileRef = DFA06BF12437B13400E1BBFF /* CPHomePageCell.swift */; };
		DFA06C082437B13400E1BBFF /* CPHomePageCell.xib in Resources */ = {isa = PBXBuildFile; fileRef = DFA06BF22437B13400E1BBFF /* CPHomePageCell.xib */; };
		DFA06C092437B13400E1BBFF /* CPHomePage.swift in Sources */ = {isa = PBXBuildFile; fileRef = DFA06BF32437B13400E1BBFF /* CPHomePage.swift */; };
		DFA06C0A2437B13400E1BBFF /* db.sql in Resources */ = {isa = PBXBuildFile; fileRef = DFA06BF52437B13400E1BBFF /* db.sql */; };
		DFA06C0B2437B13400E1BBFF /* DataBaseTool.swift in Sources */ = {isa = PBXBuildFile; fileRef = DFA06BF62437B13400E1BBFF /* DataBaseTool.swift */; };
		DFA06C0C2437B13400E1BBFF /* CPHomeDataCaheTool.swift in Sources */ = {isa = PBXBuildFile; fileRef = DFA06BF72437B13400E1BBFF /* CPHomeDataCaheTool.swift */; };
		DFA06C0D2437B13400E1BBFF /* CPQuarterReportModel.swift in Sources */ = {isa = PBXBuildFile; fileRef = DFA06BF92437B13400E1BBFF /* CPQuarterReportModel.swift */; };
		DFA06C0E2437B13400E1BBFF /* Constant.swift in Sources */ = {isa = PBXBuildFile; fileRef = DFA06BFB2437B13400E1BBFF /* Constant.swift */; };
		DFA06C0F2437B13400E1BBFF /* BaseHttpApi.swift in Sources */ = {isa = PBXBuildFile; fileRef = DFA06BFD2437B13400E1BBFF /* BaseHttpApi.swift */; };
		DFA06C102437B13400E1BBFF /* CPDataStoresearchAPI.swift in Sources */ = {isa = PBXBuildFile; fileRef = DFA06BFE2437B13400E1BBFF /* CPDataStoresearchAPI.swift */; };
		DFA06C112437B13400E1BBFF /* BasePage.swift in Sources */ = {isa = PBXBuildFile; fileRef = DFA06C002437B13400E1BBFF /* BasePage.swift */; };
		DFA06C122437B13400E1BBFF /* BaseNavigationController.swift in Sources */ = {isa = PBXBuildFile; fileRef = DFA06C012437B13400E1BBFF /* BaseNavigationController.swift */; };
		DFA06C162437B16500E1BBFF /* Assets.xcassets in Resources */ = {isa = PBXBuildFile; fileRef = DFA06C142437B16500E1BBFF /* Assets.xcassets */; };
		DFA06C172437B16500E1BBFF /* LaunchScreen.storyboard in Resources */ = {isa = PBXBuildFile; fileRef = DFA06C152437B16500E1BBFF /* LaunchScreen.storyboard */; };
/* End PBXBuildFile section */

/* Begin PBXContainerItemProxy section */
		DFA06B9A2437AEF300E1BBFF /* PBXContainerItemProxy */ = {
			isa = PBXContainerItemProxy;
			containerPortal = DFA06B7B2437AEF100E1BBFF /* Project object */;
			proxyType = 1;
			remoteGlobalIDString = DFA06B822437AEF100E1BBFF;
			remoteInfo = ChallengeProject;
		};
		DFA06BA52437AEF300E1BBFF /* PBXContainerItemProxy */ = {
			isa = PBXContainerItemProxy;
			containerPortal = DFA06B7B2437AEF100E1BBFF /* Project object */;
			proxyType = 1;
			remoteGlobalIDString = DFA06B822437AEF100E1BBFF;
			remoteInfo = ChallengeProject;
		};
/* End PBXContainerItemProxy section */

/* Begin PBXFileReference section */
		0C794387533226AF31657CC4 /* Pods_ChallengeProject.framework */ = {isa = PBXFileReference; explicitFileType = wrapper.framework; includeInIndex = 0; path = Pods_ChallengeProject.framework; sourceTree = BUILT_PRODUCTS_DIR; };
		48C363358B615E4E6330AF7A /* Pods-ChallengeProjectUITests.debug.xcconfig */ = {isa = PBXFileReference; includeInIndex = 1; lastKnownFileType = text.xcconfig; name = "Pods-ChallengeProjectUITests.debug.xcconfig"; path = "Pods/Target Support Files/Pods-ChallengeProjectUITests/Pods-ChallengeProjectUITests.debug.xcconfig"; sourceTree = "<group>"; };
		7F08FC07D50BEE40290FBA44 /* Pods-ChallengeProject.debug.xcconfig */ = {isa = PBXFileReference; includeInIndex = 1; lastKnownFileType = text.xcconfig; name = "Pods-ChallengeProject.debug.xcconfig"; path = "Pods/Target Support Files/Pods-ChallengeProject/Pods-ChallengeProject.debug.xcconfig"; sourceTree = "<group>"; };
		982B5BB39CB8D57A68387B5B /* Pods-ChallengeProjectUITests.release.xcconfig */ = {isa = PBXFileReference; includeInIndex = 1; lastKnownFileType = text.xcconfig; name = "Pods-ChallengeProjectUITests.release.xcconfig"; path = "Pods/Target Support Files/Pods-ChallengeProjectUITests/Pods-ChallengeProjectUITests.release.xcconfig"; sourceTree = "<group>"; };
		A8C951753A217D6722DF8F61 /* Pods_ChallengeProjectTests.framework */ = {isa = PBXFileReference; explicitFileType = wrapper.framework; includeInIndex = 0; path = Pods_ChallengeProjectTests.framework; sourceTree = BUILT_PRODUCTS_DIR; };
		B45A1B549E834527EEF0EEFB /* Pods-ChallengeProjectTests.release.xcconfig */ = {isa = PBXFileReference; includeInIndex = 1; lastKnownFileType = text.xcconfig; name = "Pods-ChallengeProjectTests.release.xcconfig"; path = "Pods/Target Support Files/Pods-ChallengeProjectTests/Pods-ChallengeProjectTests.release.xcconfig"; sourceTree = "<group>"; };
		B85F921BF044F2BE490D2E9D /* Pods_ChallengeProjectUITests.framework */ = {isa = PBXFileReference; explicitFileType = wrapper.framework; includeInIndex = 0; path = Pods_ChallengeProjectUITests.framework; sourceTree = BUILT_PRODUCTS_DIR; };
		D0D72FFE61820AB81ED53CDA /* Pods-ChallengeProjectTests.debug.xcconfig */ = {isa = PBXFileReference; includeInIndex = 1; lastKnownFileType = text.xcconfig; name = "Pods-ChallengeProjectTests.debug.xcconfig"; path = "Pods/Target Support Files/Pods-ChallengeProjectTests/Pods-ChallengeProjectTests.debug.xcconfig"; sourceTree = "<group>"; };
		DF251E6B2438A2180014BA1E /* Result+test.swift */ = {isa = PBXFileReference; fileEncoding = 4; lastKnownFileType = sourcecode.swift; path = "Result+test.swift"; sourceTree = "<group>"; };
		DF251E6E2438A2690014BA1E /* DataCachingTestCase.swift */ = {isa = PBXFileReference; lastKnownFileType = sourcecode.swift; path = DataCachingTestCase.swift; sourceTree = "<group>"; };
		DF251E712438AE0C0014BA1E /* HttpClientTestCase.swift */ = {isa = PBXFileReference; lastKnownFileType = sourcecode.swift; path = HttpClientTestCase.swift; sourceTree = "<group>"; };
		DF251E772438DC610014BA1E /* AppConfigTestCase.swift */ = {isa = PBXFileReference; lastKnownFileType = sourcecode.swift; path = AppConfigTestCase.swift; sourceTree = "<group>"; };
		DF251E7A2438DDE60014BA1E /* ModelsTestCase.swift */ = {isa = PBXFileReference; lastKnownFileType = sourcecode.swift; path = ModelsTestCase.swift; sourceTree = "<group>"; };
		DF2CE0F524389F1600D061F9 /* BaseTestCase.swift */ = {isa = PBXFileReference; lastKnownFileType = sourcecode.swift; path = BaseTestCase.swift; sourceTree = "<group>"; };
		DFA06B832437AEF100E1BBFF /* ChallengeProject.app */ = {isa = PBXFileReference; explicitFileType = wrapper.application; includeInIndex = 0; path = ChallengeProject.app; sourceTree = BUILT_PRODUCTS_DIR; };
		DFA06B942437AEF300E1BBFF /* Info.plist */ = {isa = PBXFileReference; lastKnownFileType = text.plist.xml; path = Info.plist; sourceTree = "<group>"; };
		DFA06B992437AEF300E1BBFF /* ChallengeProjectTests.xctest */ = {isa = PBXFileReference; explicitFileType = wrapper.cfbundle; includeInIndex = 0; path = ChallengeProjectTests.xctest; sourceTree = BUILT_PRODUCTS_DIR; };
		DFA06B9F2437AEF300E1BBFF /* Info.plist */ = {isa = PBXFileReference; lastKnownFileType = text.plist.xml; path = Info.plist; sourceTree = "<group>"; };
		DFA06BA42437AEF300E1BBFF /* ChallengeProjectUITests.xctest */ = {isa = PBXFileReference; explicitFileType = wrapper.cfbundle; includeInIndex = 0; path = ChallengeProjectUITests.xctest; sourceTree = BUILT_PRODUCTS_DIR; };
		DFA06BA82437AEF300E1BBFF /* ChallengeProjectUITests.swift */ = {isa = PBXFileReference; lastKnownFileType = sourcecode.swift; path = ChallengeProjectUITests.swift; sourceTree = "<group>"; };
		DFA06BAA2437AEF300E1BBFF /* Info.plist */ = {isa = PBXFileReference; lastKnownFileType = text.plist.xml; path = Info.plist; sourceTree = "<group>"; };
		DFA06BB72437AF9000E1BBFF /* AppDelegate.swift */ = {isa = PBXFileReference; fileEncoding = 4; lastKnownFileType = sourcecode.swift; path = AppDelegate.swift; sourceTree = "<group>"; };
		DFA06BE82437B13400E1BBFF /* HttpClient.swift */ = {isa = PBXFileReference; fileEncoding = 4; lastKnownFileType = sourcecode.swift; path = HttpClient.swift; sourceTree = "<group>"; };
		DFA06BEA2437B13400E1BBFF /* UIView+hud.swift */ = {isa = PBXFileReference; fileEncoding = 4; lastKnownFileType = sourcecode.swift; path = "UIView+hud.swift"; sourceTree = "<group>"; };
		DFA06BEB2437B13400E1BBFF /* UIViewControllerSafeArea.swift */ = {isa = PBXFileReference; fileEncoding = 4; lastKnownFileType = sourcecode.swift; path = UIViewControllerSafeArea.swift; sourceTree = "<group>"; };
		DFA06BEC2437B13400E1BBFF /* Thread+safeMainAsyn.swift */ = {isa = PBXFileReference; fileEncoding = 4; lastKnownFileType = sourcecode.swift; path = "Thread+safeMainAsyn.swift"; sourceTree = "<group>"; };
		DFA06BEE2437B13400E1BBFF /* AppConfig.swift */ = {isa = PBXFileReference; fileEncoding = 4; lastKnownFileType = sourcecode.swift; path = AppConfig.swift; sourceTree = "<group>"; };
		DFA06BF12437B13400E1BBFF /* CPHomePageCell.swift */ = {isa = PBXFileReference; fileEncoding = 4; lastKnownFileType = sourcecode.swift; path = CPHomePageCell.swift; sourceTree = "<group>"; };
		DFA06BF22437B13400E1BBFF /* CPHomePageCell.xib */ = {isa = PBXFileReference; fileEncoding = 4; lastKnownFileType = file.xib; path = CPHomePageCell.xib; sourceTree = "<group>"; };
		DFA06BF32437B13400E1BBFF /* CPHomePage.swift */ = {isa = PBXFileReference; fileEncoding = 4; lastKnownFileType = sourcecode.swift; path = CPHomePage.swift; sourceTree = "<group>"; };
		DFA06BF52437B13400E1BBFF /* db.sql */ = {isa = PBXFileReference; fileEncoding = 4; lastKnownFileType = text; path = db.sql; sourceTree = "<group>"; };
		DFA06BF62437B13400E1BBFF /* DataBaseTool.swift */ = {isa = PBXFileReference; fileEncoding = 4; lastKnownFileType = sourcecode.swift; path = DataBaseTool.swift; sourceTree = "<group>"; };
		DFA06BF72437B13400E1BBFF /* CPHomeDataCaheTool.swift */ = {isa = PBXFileReference; fileEncoding = 4; lastKnownFileType = sourcecode.swift; path = CPHomeDataCaheTool.swift; sourceTree = "<group>"; };
		DFA06BF92437B13400E1BBFF /* CPQuarterReportModel.swift */ = {isa = PBXFileReference; fileEncoding = 4; lastKnownFileType = sourcecode.swift; path = CPQuarterReportModel.swift; sourceTree = "<group>"; };
		DFA06BFB2437B13400E1BBFF /* Constant.swift */ = {isa = PBXFileReference; fileEncoding = 4; lastKnownFileType = sourcecode.swift; path = Constant.swift; sourceTree = "<group>"; };
		DFA06BFD2437B13400E1BBFF /* BaseHttpApi.swift */ = {isa = PBXFileReference; fileEncoding = 4; lastKnownFileType = sourcecode.swift; path = BaseHttpApi.swift; sourceTree = "<group>"; };
		DFA06BFE2437B13400E1BBFF /* CPDataStoresearchAPI.swift */ = {isa = PBXFileReference; fileEncoding = 4; lastKnownFileType = sourcecode.swift; path = CPDataStoresearchAPI.swift; sourceTree = "<group>"; };
		DFA06C002437B13400E1BBFF /* BasePage.swift */ = {isa = PBXFileReference; fileEncoding = 4; lastKnownFileType = sourcecode.swift; path = BasePage.swift; sourceTree = "<group>"; };
		DFA06C012437B13400E1BBFF /* BaseNavigationController.swift */ = {isa = PBXFileReference; fileEncoding = 4; lastKnownFileType = sourcecode.swift; path = BaseNavigationController.swift; sourceTree = "<group>"; };
		DFA06C142437B16500E1BBFF /* Assets.xcassets */ = {isa = PBXFileReference; lastKnownFileType = folder.assetcatalog; path = Assets.xcassets; sourceTree = "<group>"; };
		DFA06C152437B16500E1BBFF /* LaunchScreen.storyboard */ = {isa = PBXFileReference; fileEncoding = 4; lastKnownFileType = file.storyboard; path = LaunchScreen.storyboard; sourceTree = "<group>"; };
		F3509C1E5570A38B08B6D9BB /* Pods-ChallengeProject.release.xcconfig */ = {isa = PBXFileReference; includeInIndex = 1; lastKnownFileType = text.xcconfig; name = "Pods-ChallengeProject.release.xcconfig"; path = "Pods/Target Support Files/Pods-ChallengeProject/Pods-ChallengeProject.release.xcconfig"; sourceTree = "<group>"; };
/* End PBXFileReference section */

/* Begin PBXFrameworksBuildPhase section */
		DFA06B802437AEF100E1BBFF /* Frameworks */ = {
			isa = PBXFrameworksBuildPhase;
			buildActionMask = 2147483647;
			files = (
				D121F263DD7FEBD2633E065C /* Pods_ChallengeProject.framework in Frameworks */,
			);
			runOnlyForDeploymentPostprocessing = 0;
		};
		DFA06B962437AEF300E1BBFF /* Frameworks */ = {
			isa = PBXFrameworksBuildPhase;
			buildActionMask = 2147483647;
			files = (
				C89EE373E7B6413B82D2FFAB /* Pods_ChallengeProjectTests.framework in Frameworks */,
			);
			runOnlyForDeploymentPostprocessing = 0;
		};
		DFA06BA12437AEF300E1BBFF /* Frameworks */ = {
			isa = PBXFrameworksBuildPhase;
			buildActionMask = 2147483647;
			files = (
				89BE58DEFD893F0B8DC4895A /* Pods_ChallengeProjectUITests.framework in Frameworks */,
			);
			runOnlyForDeploymentPostprocessing = 0;
		};
/* End PBXFrameworksBuildPhase section */

/* Begin PBXGroup section */
		1646B3E516A332676A392262 /* Pods */ = {
			isa = PBXGroup;
			children = (
				7F08FC07D50BEE40290FBA44 /* Pods-ChallengeProject.debug.xcconfig */,
				F3509C1E5570A38B08B6D9BB /* Pods-ChallengeProject.release.xcconfig */,
				D0D72FFE61820AB81ED53CDA /* Pods-ChallengeProjectTests.debug.xcconfig */,
				B45A1B549E834527EEF0EEFB /* Pods-ChallengeProjectTests.release.xcconfig */,
				48C363358B615E4E6330AF7A /* Pods-ChallengeProjectUITests.debug.xcconfig */,
				982B5BB39CB8D57A68387B5B /* Pods-ChallengeProjectUITests.release.xcconfig */,
			);
			name = Pods;
			sourceTree = "<group>";
		};
		613DB9B3A64B630254F73287 /* Frameworks */ = {
			isa = PBXGroup;
			children = (
				0C794387533226AF31657CC4 /* Pods_ChallengeProject.framework */,
				A8C951753A217D6722DF8F61 /* Pods_ChallengeProjectTests.framework */,
				B85F921BF044F2BE490D2E9D /* Pods_ChallengeProjectUITests.framework */,
			);
			name = Frameworks;
			sourceTree = "<group>";
		};
		DF251E6D2438A2220014BA1E /* DataCachingTest */ = {
			isa = PBXGroup;
			children = (
				DF251E6E2438A2690014BA1E /* DataCachingTestCase.swift */,
			);
			path = DataCachingTest;
			sourceTree = "<group>";
		};
		DF251E702438ADD90014BA1E /* httpClientTest */ = {
			isa = PBXGroup;
			children = (
				DF251E712438AE0C0014BA1E /* HttpClientTestCase.swift */,
			);
			path = httpClientTest;
			sourceTree = "<group>";
		};
		DF251E732438B3550014BA1E /* helper */ = {
			isa = PBXGroup;
			children = (
				DF251E6B2438A2180014BA1E /* Result+test.swift */,
			);
			path = helper;
			sourceTree = "<group>";
		};
		DF251E762438DC290014BA1E /* configTest */ = {
			isa = PBXGroup;
			children = (
				DF251E772438DC610014BA1E /* AppConfigTestCase.swift */,
			);
			path = configTest;
			sourceTree = "<group>";
		};
		DF251E792438DD9E0014BA1E /* modelsTestCase */ = {
			isa = PBXGroup;
			children = (
				DF251E7A2438DDE60014BA1E /* ModelsTestCase.swift */,
			);
			path = modelsTestCase;
			sourceTree = "<group>";
		};
		DF2CE0F424389E6900D061F9 /* Base */ = {
			isa = PBXGroup;
			children = (
				DF2CE0F524389F1600D061F9 /* BaseTestCase.swift */,
			);
			path = Base;
			sourceTree = "<group>";
		};
		DFA06B7A2437AEF100E1BBFF = {
			isa = PBXGroup;
			children = (
				DFA06B852437AEF100E1BBFF /* ChallengeProject */,
				DFA06B9C2437AEF300E1BBFF /* ChallengeProjectTests */,
				DFA06BA72437AEF300E1BBFF /* ChallengeProjectUITests */,
				DFA06B842437AEF100E1BBFF /* Products */,
				1646B3E516A332676A392262 /* Pods */,
				613DB9B3A64B630254F73287 /* Frameworks */,
			);
			sourceTree = "<group>";
		};
		DFA06B842437AEF100E1BBFF /* Products */ = {
			isa = PBXGroup;
			children = (
				DFA06B832437AEF100E1BBFF /* ChallengeProject.app */,
				DFA06B992437AEF300E1BBFF /* ChallengeProjectTests.xctest */,
				DFA06BA42437AEF300E1BBFF /* ChallengeProjectUITests.xctest */,
			);
			name = Products;
			sourceTree = "<group>";
		};
		DFA06B852437AEF100E1BBFF /* ChallengeProject */ = {
			isa = PBXGroup;
			children = (
				DFA06C132437B15400E1BBFF /* resource */,
				DFA06BE62437B13400E1BBFF /* classes */,
				DFA06BB62437AF9000E1BBFF /* appdelegate */,
			);
			path = ChallengeProject;
			sourceTree = "<group>";
		};
		DFA06B9C2437AEF300E1BBFF /* ChallengeProjectTests */ = {
			isa = PBXGroup;
			children = (
				DF251E732438B3550014BA1E /* helper */,
				DF251E792438DD9E0014BA1E /* modelsTestCase */,
				DF251E762438DC290014BA1E /* configTest */,
				DF251E702438ADD90014BA1E /* httpClientTest */,
				DF251E6D2438A2220014BA1E /* DataCachingTest */,
				DF2CE0F424389E6900D061F9 /* Base */,
				DFA06B9F2437AEF300E1BBFF /* Info.plist */,
			);
			path = ChallengeProjectTests;
			sourceTree = "<group>";
		};
		DFA06BA72437AEF300E1BBFF /* ChallengeProjectUITests */ = {
			isa = PBXGroup;
			children = (
				DFA06BA82437AEF300E1BBFF /* ChallengeProjectUITests.swift */,
				DFA06BAA2437AEF300E1BBFF /* Info.plist */,
			);
			path = ChallengeProjectUITests;
			sourceTree = "<group>";
		};
		DFA06BB62437AF9000E1BBFF /* appdelegate */ = {
			isa = PBXGroup;
			children = (
				DFA06BB72437AF9000E1BBFF /* AppDelegate.swift */,
			);
			path = appdelegate;
			sourceTree = "<group>";
		};
		DFA06BE62437B13400E1BBFF /* classes */ = {
			isa = PBXGroup;
			children = (
				DFA06BE72437B13400E1BBFF /* httpClient */,
				DFA06BE92437B13400E1BBFF /* extension */,
				DFA06BED2437B13400E1BBFF /* config */,
				DFA06BEF2437B13400E1BBFF /* features */,
				DFA06BF42437B13400E1BBFF /* DataCaching */,
				DFA06BF82437B13400E1BBFF /* models */,
				DFA06BFA2437B13400E1BBFF /* constant */,
				DFA06BFC2437B13400E1BBFF /* API */,
				DFA06BFF2437B13400E1BBFF /* base */,
			);
			path = classes;
			sourceTree = "<group>";
		};
		DFA06BE72437B13400E1BBFF /* httpClient */ = {
			isa = PBXGroup;
			children = (
				DFA06BE82437B13400E1BBFF /* HttpClient.swift */,
			);
			path = httpClient;
			sourceTree = "<group>";
		};
		DFA06BE92437B13400E1BBFF /* extension */ = {
			isa = PBXGroup;
			children = (
				DFA06BEA2437B13400E1BBFF /* UIView+hud.swift */,
				DFA06BEB2437B13400E1BBFF /* UIViewControllerSafeArea.swift */,
				DFA06BEC2437B13400E1BBFF /* Thread+safeMainAsyn.swift */,
			);
			path = extension;
			sourceTree = "<group>";
		};
		DFA06BED2437B13400E1BBFF /* config */ = {
			isa = PBXGroup;
			children = (
				DFA06BEE2437B13400E1BBFF /* AppConfig.swift */,
			);
			path = config;
			sourceTree = "<group>";
		};
		DFA06BEF2437B13400E1BBFF /* features */ = {
			isa = PBXGroup;
			children = (
				DFA06BF02437B13400E1BBFF /* home */,
			);
			path = features;
			sourceTree = "<group>";
		};
		DFA06BF02437B13400E1BBFF /* home */ = {
			isa = PBXGroup;
			children = (
				DFA06BF12437B13400E1BBFF /* CPHomePageCell.swift */,
				DFA06BF22437B13400E1BBFF /* CPHomePageCell.xib */,
				DFA06BF32437B13400E1BBFF /* CPHomePage.swift */,
			);
			path = home;
			sourceTree = "<group>";
		};
		DFA06BF42437B13400E1BBFF /* DataCaching */ = {
			isa = PBXGroup;
			children = (
				DFA06BF52437B13400E1BBFF /* db.sql */,
				DFA06BF62437B13400E1BBFF /* DataBaseTool.swift */,
				DFA06BF72437B13400E1BBFF /* CPHomeDataCaheTool.swift */,
			);
			path = DataCaching;
			sourceTree = "<group>";
		};
		DFA06BF82437B13400E1BBFF /* models */ = {
			isa = PBXGroup;
			children = (
				DFA06BF92437B13400E1BBFF /* CPQuarterReportModel.swift */,
			);
			path = models;
			sourceTree = "<group>";
		};
		DFA06BFA2437B13400E1BBFF /* constant */ = {
			isa = PBXGroup;
			children = (
				DFA06BFB2437B13400E1BBFF /* Constant.swift */,
			);
			path = constant;
			sourceTree = "<group>";
		};
		DFA06BFC2437B13400E1BBFF /* API */ = {
			isa = PBXGroup;
			children = (
				DFA06BFD2437B13400E1BBFF /* BaseHttpApi.swift */,
				DFA06BFE2437B13400E1BBFF /* CPDataStoresearchAPI.swift */,
			);
			path = API;
			sourceTree = "<group>";
		};
		DFA06BFF2437B13400E1BBFF /* base */ = {
			isa = PBXGroup;
			children = (
				DFA06C002437B13400E1BBFF /* BasePage.swift */,
				DFA06C012437B13400E1BBFF /* BaseNavigationController.swift */,
			);
			path = base;
			sourceTree = "<group>";
		};
		DFA06C132437B15400E1BBFF /* resource */ = {
			isa = PBXGroup;
			children = (
				DFA06B942437AEF300E1BBFF /* Info.plist */,
				DFA06C152437B16500E1BBFF /* LaunchScreen.storyboard */,
				DFA06C142437B16500E1BBFF /* Assets.xcassets */,
			);
			path = resource;
			sourceTree = "<group>";
		};
/* End PBXGroup section */

/* Begin PBXNativeTarget section */
		DFA06B822437AEF100E1BBFF /* ChallengeProject */ = {
			isa = PBXNativeTarget;
			buildConfigurationList = DFA06BAD2437AEF300E1BBFF /* Build configuration list for PBXNativeTarget "ChallengeProject" */;
			buildPhases = (
				9623DE50A8E7630E320C9D24 /* [CP] Check Pods Manifest.lock */,
				DFA06B7F2437AEF100E1BBFF /* Sources */,
				DFA06B802437AEF100E1BBFF /* Frameworks */,
				DFA06B812437AEF100E1BBFF /* Resources */,
				5730EEF0BA09C38FDF060F48 /* [CP] Embed Pods Frameworks */,
			);
			buildRules = (
			);
			dependencies = (
			);
			name = ChallengeProject;
			productName = ChallengeProject;
			productReference = DFA06B832437AEF100E1BBFF /* ChallengeProject.app */;
			productType = "com.apple.product-type.application";
		};
		DFA06B982437AEF300E1BBFF /* ChallengeProjectTests */ = {
			isa = PBXNativeTarget;
			buildConfigurationList = DFA06BB02437AEF300E1BBFF /* Build configuration list for PBXNativeTarget "ChallengeProjectTests" */;
			buildPhases = (
				5E2366DFC1D94623C7B70BCB /* [CP] Check Pods Manifest.lock */,
				DFA06B952437AEF300E1BBFF /* Sources */,
				DFA06B962437AEF300E1BBFF /* Frameworks */,
				DFA06B972437AEF300E1BBFF /* Resources */,
			);
			buildRules = (
			);
			dependencies = (
				DFA06B9B2437AEF300E1BBFF /* PBXTargetDependency */,
			);
			name = ChallengeProjectTests;
			productName = ChallengeProjectTests;
			productReference = DFA06B992437AEF300E1BBFF /* ChallengeProjectTests.xctest */;
			productType = "com.apple.product-type.bundle.unit-test";
		};
		DFA06BA32437AEF300E1BBFF /* ChallengeProjectUITests */ = {
			isa = PBXNativeTarget;
			buildConfigurationList = DFA06BB32437AEF300E1BBFF /* Build configuration list for PBXNativeTarget "ChallengeProjectUITests" */;
			buildPhases = (
				E429FEC5705EBA3E9322B565 /* [CP] Check Pods Manifest.lock */,
				DFA06BA02437AEF300E1BBFF /* Sources */,
				DFA06BA12437AEF300E1BBFF /* Frameworks */,
				DFA06BA22437AEF300E1BBFF /* Resources */,
			);
			buildRules = (
			);
			dependencies = (
				DFA06BA62437AEF300E1BBFF /* PBXTargetDependency */,
			);
			name = ChallengeProjectUITests;
			productName = ChallengeProjectUITests;
			productReference = DFA06BA42437AEF300E1BBFF /* ChallengeProjectUITests.xctest */;
			productType = "com.apple.product-type.bundle.ui-testing";
		};
/* End PBXNativeTarget section */

/* Begin PBXProject section */
		DFA06B7B2437AEF100E1BBFF /* Project object */ = {
			isa = PBXProject;
			attributes = {
				LastSwiftUpdateCheck = 1130;
				LastUpgradeCheck = 1130;
				ORGANIZATIONNAME = "梁齐才";
				TargetAttributes = {
					DFA06B822437AEF100E1BBFF = {
						CreatedOnToolsVersion = 11.3.1;
					};
					DFA06B982437AEF300E1BBFF = {
						CreatedOnToolsVersion = 11.3.1;
						TestTargetID = DFA06B822437AEF100E1BBFF;
					};
					DFA06BA32437AEF300E1BBFF = {
						CreatedOnToolsVersion = 11.3.1;
						TestTargetID = DFA06B822437AEF100E1BBFF;
					};
				};
			};
			buildConfigurationList = DFA06B7E2437AEF100E1BBFF /* Build configuration list for PBXProject "ChallengeProject" */;
			compatibilityVersion = "Xcode 9.3";
			developmentRegion = en;
			hasScannedForEncodings = 0;
			knownRegions = (
				en,
				Base,
			);
			mainGroup = DFA06B7A2437AEF100E1BBFF;
			productRefGroup = DFA06B842437AEF100E1BBFF /* Products */;
			projectDirPath = "";
			projectRoot = "";
			targets = (
				DFA06B822437AEF100E1BBFF /* ChallengeProject */,
				DFA06B982437AEF300E1BBFF /* ChallengeProjectTests */,
				DFA06BA32437AEF300E1BBFF /* ChallengeProjectUITests */,
			);
		};
/* End PBXProject section */

/* Begin PBXResourcesBuildPhase section */
		DFA06B812437AEF100E1BBFF /* Resources */ = {
			isa = PBXResourcesBuildPhase;
			buildActionMask = 2147483647;
			files = (
				DFA06C0A2437B13400E1BBFF /* db.sql in Resources */,
				DFA06C172437B16500E1BBFF /* LaunchScreen.storyboard in Resources */,
				DFA06C162437B16500E1BBFF /* Assets.xcassets in Resources */,
				DFA06C082437B13400E1BBFF /* CPHomePageCell.xib in Resources */,
			);
			runOnlyForDeploymentPostprocessing = 0;
		};
		DFA06B972437AEF300E1BBFF /* Resources */ = {
			isa = PBXResourcesBuildPhase;
			buildActionMask = 2147483647;
			files = (
			);
			runOnlyForDeploymentPostprocessing = 0;
		};
		DFA06BA22437AEF300E1BBFF /* Resources */ = {
			isa = PBXResourcesBuildPhase;
			buildActionMask = 2147483647;
			files = (
			);
			runOnlyForDeploymentPostprocessing = 0;
		};
/* End PBXResourcesBuildPhase section */

/* Begin PBXShellScriptBuildPhase section */
		5730EEF0BA09C38FDF060F48 /* [CP] Embed Pods Frameworks */ = {
			isa = PBXShellScriptBuildPhase;
			buildActionMask = 2147483647;
			files = (
			);
			inputFileListPaths = (
			);
			inputPaths = (
				"${SRCROOT}/Pods/Target Support Files/Pods-ChallengeProject/Pods-ChallengeProject-frameworks.sh",
				"${BUILT_PRODUCTS_DIR}/Alamofire/Alamofire.framework",
				"${BUILT_PRODUCTS_DIR}/FMDB/FMDB.framework",
				"${BUILT_PRODUCTS_DIR}/HandyJSON/HandyJSON.framework",
				"${BUILT_PRODUCTS_DIR}/HighPrecisionCalculate-iOS/HighPrecisionCalculate.framework",
				"${BUILT_PRODUCTS_DIR}/MBProgressHUD/MBProgressHUD.framework",
				"${BUILT_PRODUCTS_DIR}/MJRefresh/MJRefresh.framework",
				"${BUILT_PRODUCTS_DIR}/SnapKit/SnapKit.framework",
				"${BUILT_PRODUCTS_DIR}/SwiftCharts/SwiftCharts.framework",
				"${BUILT_PRODUCTS_DIR}/Toast/Toast.framework",
			);
			name = "[CP] Embed Pods Frameworks";
			outputFileListPaths = (
			);
			outputPaths = (
				"${TARGET_BUILD_DIR}/${FRAMEWORKS_FOLDER_PATH}/Alamofire.framework",
				"${TARGET_BUILD_DIR}/${FRAMEWORKS_FOLDER_PATH}/FMDB.framework",
				"${TARGET_BUILD_DIR}/${FRAMEWORKS_FOLDER_PATH}/HandyJSON.framework",
				"${TARGET_BUILD_DIR}/${FRAMEWORKS_FOLDER_PATH}/HighPrecisionCalculate.framework",
				"${TARGET_BUILD_DIR}/${FRAMEWORKS_FOLDER_PATH}/MBProgressHUD.framework",
				"${TARGET_BUILD_DIR}/${FRAMEWORKS_FOLDER_PATH}/MJRefresh.framework",
				"${TARGET_BUILD_DIR}/${FRAMEWORKS_FOLDER_PATH}/SnapKit.framework",
				"${TARGET_BUILD_DIR}/${FRAMEWORKS_FOLDER_PATH}/SwiftCharts.framework",
				"${TARGET_BUILD_DIR}/${FRAMEWORKS_FOLDER_PATH}/Toast.framework",
			);
			runOnlyForDeploymentPostprocessing = 0;
			shellPath = /bin/sh;
			shellScript = "\"${SRCROOT}/Pods/Target Support Files/Pods-ChallengeProject/Pods-ChallengeProject-frameworks.sh\"\n";
			showEnvVarsInLog = 0;
		};
		5E2366DFC1D94623C7B70BCB /* [CP] Check Pods Manifest.lock */ = {
			isa = PBXShellScriptBuildPhase;
			buildActionMask = 2147483647;
			files = (
			);
			inputFileListPaths = (
			);
			inputPaths = (
				"${PODS_PODFILE_DIR_PATH}/Podfile.lock",
				"${PODS_ROOT}/Manifest.lock",
			);
			name = "[CP] Check Pods Manifest.lock";
			outputFileListPaths = (
			);
			outputPaths = (
				"$(DERIVED_FILE_DIR)/Pods-ChallengeProjectTests-checkManifestLockResult.txt",
			);
			runOnlyForDeploymentPostprocessing = 0;
			shellPath = /bin/sh;
			shellScript = "diff \"${PODS_PODFILE_DIR_PATH}/Podfile.lock\" \"${PODS_ROOT}/Manifest.lock\" > /dev/null\nif [ $? != 0 ] ; then\n    # print error to STDERR\n    echo \"error: The sandbox is not in sync with the Podfile.lock. Run 'pod install' or update your CocoaPods installation.\" >&2\n    exit 1\nfi\n# This output is used by Xcode 'outputs' to avoid re-running this script phase.\necho \"SUCCESS\" > \"${SCRIPT_OUTPUT_FILE_0}\"\n";
			showEnvVarsInLog = 0;
		};
		9623DE50A8E7630E320C9D24 /* [CP] Check Pods Manifest.lock */ = {
			isa = PBXShellScriptBuildPhase;
			buildActionMask = 2147483647;
			files = (
			);
			inputFileListPaths = (
			);
			inputPaths = (
				"${PODS_PODFILE_DIR_PATH}/Podfile.lock",
				"${PODS_ROOT}/Manifest.lock",
			);
			name = "[CP] Check Pods Manifest.lock";
			outputFileListPaths = (
			);
			outputPaths = (
				"$(DERIVED_FILE_DIR)/Pods-ChallengeProject-checkManifestLockResult.txt",
			);
			runOnlyForDeploymentPostprocessing = 0;
			shellPath = /bin/sh;
			shellScript = "diff \"${PODS_PODFILE_DIR_PATH}/Podfile.lock\" \"${PODS_ROOT}/Manifest.lock\" > /dev/null\nif [ $? != 0 ] ; then\n    # print error to STDERR\n    echo \"error: The sandbox is not in sync with the Podfile.lock. Run 'pod install' or update your CocoaPods installation.\" >&2\n    exit 1\nfi\n# This output is used by Xcode 'outputs' to avoid re-running this script phase.\necho \"SUCCESS\" > \"${SCRIPT_OUTPUT_FILE_0}\"\n";
			showEnvVarsInLog = 0;
		};
		E429FEC5705EBA3E9322B565 /* [CP] Check Pods Manifest.lock */ = {
			isa = PBXShellScriptBuildPhase;
			buildActionMask = 2147483647;
			files = (
			);
			inputFileListPaths = (
			);
			inputPaths = (
				"${PODS_PODFILE_DIR_PATH}/Podfile.lock",
				"${PODS_ROOT}/Manifest.lock",
			);
			name = "[CP] Check Pods Manifest.lock";
			outputFileListPaths = (
			);
			outputPaths = (
				"$(DERIVED_FILE_DIR)/Pods-ChallengeProjectUITests-checkManifestLockResult.txt",
			);
			runOnlyForDeploymentPostprocessing = 0;
			shellPath = /bin/sh;
			shellScript = "diff \"${PODS_PODFILE_DIR_PATH}/Podfile.lock\" \"${PODS_ROOT}/Manifest.lock\" > /dev/null\nif [ $? != 0 ] ; then\n    # print error to STDERR\n    echo \"error: The sandbox is not in sync with the Podfile.lock. Run 'pod install' or update your CocoaPods installation.\" >&2\n    exit 1\nfi\n# This output is used by Xcode 'outputs' to avoid re-running this script phase.\necho \"SUCCESS\" > \"${SCRIPT_OUTPUT_FILE_0}\"\n";
			showEnvVarsInLog = 0;
		};
/* End PBXShellScriptBuildPhase section */

/* Begin PBXSourcesBuildPhase section */
		DFA06B7F2437AEF100E1BBFF /* Sources */ = {
			isa = PBXSourcesBuildPhase;
			buildActionMask = 2147483647;
			files = (
				DFA06C0B2437B13400E1BBFF /* DataBaseTool.swift in Sources */,
				DFA06C052437B13400E1BBFF /* Thread+safeMainAsyn.swift in Sources */,
				DFA06C0D2437B13400E1BBFF /* CPQuarterReportModel.swift in Sources */,
				DFA06C032437B13400E1BBFF /* UIView+hud.swift in Sources */,
				DFA06C112437B13400E1BBFF /* BasePage.swift in Sources */,
				DFA06C022437B13400E1BBFF /* HttpClient.swift in Sources */,
				DFA06C062437B13400E1BBFF /* AppConfig.swift in Sources */,
				DFA06C092437B13400E1BBFF /* CPHomePage.swift in Sources */,
				DFA06C122437B13400E1BBFF /* BaseNavigationController.swift in Sources */,
				DFA06C072437B13400E1BBFF /* CPHomePageCell.swift in Sources */,
				DFA06C0F2437B13400E1BBFF /* BaseHttpApi.swift in Sources */,
				DFA06C042437B13400E1BBFF /* UIViewControllerSafeArea.swift in Sources */,
				DFA06C0C2437B13400E1BBFF /* CPHomeDataCaheTool.swift in Sources */,
				DFA06C102437B13400E1BBFF /* CPDataStoresearchAPI.swift in Sources */,
				DFA06BB82437AF9000E1BBFF /* AppDelegate.swift in Sources */,
				DFA06C0E2437B13400E1BBFF /* Constant.swift in Sources */,
			);
			runOnlyForDeploymentPostprocessing = 0;
		};
		DFA06B952437AEF300E1BBFF /* Sources */ = {
			isa = PBXSourcesBuildPhase;
			buildActionMask = 2147483647;
			files = (
				DF2CE0F624389F1600D061F9 /* BaseTestCase.swift in Sources */,
				DF251E782438DC610014BA1E /* AppConfigTestCase.swift in Sources */,
				DF251E6F2438A2690014BA1E /* DataCachingTestCase.swift in Sources */,
				DF251E722438AE0C0014BA1E /* HttpClientTestCase.swift in Sources */,
				DF251E6C2438A2180014BA1E /* Result+test.swift in Sources */,
				DF251E7B2438DDE60014BA1E /* ModelsTestCase.swift in Sources */,
			);
			runOnlyForDeploymentPostprocessing = 0;
		};
		DFA06BA02437AEF300E1BBFF /* Sources */ = {
			isa = PBXSourcesBuildPhase;
			buildActionMask = 2147483647;
			files = (
				DFA06BA92437AEF300E1BBFF /* ChallengeProjectUITests.swift in Sources */,
			);
			runOnlyForDeploymentPostprocessing = 0;
		};
/* End PBXSourcesBuildPhase section */

/* Begin PBXTargetDependency section */
		DFA06B9B2437AEF300E1BBFF /* PBXTargetDependency */ = {
			isa = PBXTargetDependency;
			target = DFA06B822437AEF100E1BBFF /* ChallengeProject */;
			targetProxy = DFA06B9A2437AEF300E1BBFF /* PBXContainerItemProxy */;
		};
		DFA06BA62437AEF300E1BBFF /* PBXTargetDependency */ = {
			isa = PBXTargetDependency;
			target = DFA06B822437AEF100E1BBFF /* ChallengeProject */;
			targetProxy = DFA06BA52437AEF300E1BBFF /* PBXContainerItemProxy */;
		};
/* End PBXTargetDependency section */

/* Begin XCBuildConfiguration section */
		DFA06BAB2437AEF300E1BBFF /* Debug */ = {
			isa = XCBuildConfiguration;
			buildSettings = {
				ALWAYS_SEARCH_USER_PATHS = NO;
				CLANG_ANALYZER_NONNULL = YES;
				CLANG_ANALYZER_NUMBER_OBJECT_CONVERSION = YES_AGGRESSIVE;
				CLANG_CXX_LANGUAGE_STANDARD = "gnu++14";
				CLANG_CXX_LIBRARY = "libc++";
				CLANG_ENABLE_MODULES = YES;
				CLANG_ENABLE_OBJC_ARC = YES;
				CLANG_ENABLE_OBJC_WEAK = YES;
				CLANG_WARN_BLOCK_CAPTURE_AUTORELEASING = YES;
				CLANG_WARN_BOOL_CONVERSION = YES;
				CLANG_WARN_COMMA = YES;
				CLANG_WARN_CONSTANT_CONVERSION = YES;
				CLANG_WARN_DEPRECATED_OBJC_IMPLEMENTATIONS = YES;
				CLANG_WARN_DIRECT_OBJC_ISA_USAGE = YES_ERROR;
				CLANG_WARN_DOCUMENTATION_COMMENTS = YES;
				CLANG_WARN_EMPTY_BODY = YES;
				CLANG_WARN_ENUM_CONVERSION = YES;
				CLANG_WARN_INFINITE_RECURSION = YES;
				CLANG_WARN_INT_CONVERSION = YES;
				CLANG_WARN_NON_LITERAL_NULL_CONVERSION = YES;
				CLANG_WARN_OBJC_IMPLICIT_RETAIN_SELF = YES;
				CLANG_WARN_OBJC_LITERAL_CONVERSION = YES;
				CLANG_WARN_OBJC_ROOT_CLASS = YES_ERROR;
				CLANG_WARN_RANGE_LOOP_ANALYSIS = YES;
				CLANG_WARN_STRICT_PROTOTYPES = YES;
				CLANG_WARN_SUSPICIOUS_MOVE = YES;
				CLANG_WARN_UNGUARDED_AVAILABILITY = YES_AGGRESSIVE;
				CLANG_WARN_UNREACHABLE_CODE = YES;
				CLANG_WARN__DUPLICATE_METHOD_MATCH = YES;
				COPY_PHASE_STRIP = NO;
				DEBUG_INFORMATION_FORMAT = dwarf;
				ENABLE_STRICT_OBJC_MSGSEND = YES;
				ENABLE_TESTABILITY = YES;
				GCC_C_LANGUAGE_STANDARD = gnu11;
				GCC_DYNAMIC_NO_PIC = NO;
				GCC_NO_COMMON_BLOCKS = YES;
				GCC_OPTIMIZATION_LEVEL = 0;
				GCC_PREPROCESSOR_DEFINITIONS = (
					"DEBUG=1",
					"$(inherited)",
				);
				GCC_WARN_64_TO_32_BIT_CONVERSION = YES;
				GCC_WARN_ABOUT_RETURN_TYPE = YES_ERROR;
				GCC_WARN_UNDECLARED_SELECTOR = YES;
				GCC_WARN_UNINITIALIZED_AUTOS = YES_AGGRESSIVE;
				GCC_WARN_UNUSED_FUNCTION = YES;
				GCC_WARN_UNUSED_VARIABLE = YES;
				IPHONEOS_DEPLOYMENT_TARGET = 13.2;
				MTL_ENABLE_DEBUG_INFO = INCLUDE_SOURCE;
				MTL_FAST_MATH = YES;
				ONLY_ACTIVE_ARCH = YES;
				SDKROOT = iphoneos;
				SWIFT_ACTIVE_COMPILATION_CONDITIONS = DEBUG;
				SWIFT_OPTIMIZATION_LEVEL = "-Onone";
			};
			name = Debug;
		};
		DFA06BAC2437AEF300E1BBFF /* Release */ = {
			isa = XCBuildConfiguration;
			buildSettings = {
				ALWAYS_SEARCH_USER_PATHS = NO;
				CLANG_ANALYZER_NONNULL = YES;
				CLANG_ANALYZER_NUMBER_OBJECT_CONVERSION = YES_AGGRESSIVE;
				CLANG_CXX_LANGUAGE_STANDARD = "gnu++14";
				CLANG_CXX_LIBRARY = "libc++";
				CLANG_ENABLE_MODULES = YES;
				CLANG_ENABLE_OBJC_ARC = YES;
				CLANG_ENABLE_OBJC_WEAK = YES;
				CLANG_WARN_BLOCK_CAPTURE_AUTORELEASING = YES;
				CLANG_WARN_BOOL_CONVERSION = YES;
				CLANG_WARN_COMMA = YES;
				CLANG_WARN_CONSTANT_CONVERSION = YES;
				CLANG_WARN_DEPRECATED_OBJC_IMPLEMENTATIONS = YES;
				CLANG_WARN_DIRECT_OBJC_ISA_USAGE = YES_ERROR;
				CLANG_WARN_DOCUMENTATION_COMMENTS = YES;
				CLANG_WARN_EMPTY_BODY = YES;
				CLANG_WARN_ENUM_CONVERSION = YES;
				CLANG_WARN_INFINITE_RECURSION = YES;
				CLANG_WARN_INT_CONVERSION = YES;
				CLANG_WARN_NON_LITERAL_NULL_CONVERSION = YES;
				CLANG_WARN_OBJC_IMPLICIT_RETAIN_SELF = YES;
				CLANG_WARN_OBJC_LITERAL_CONVERSION = YES;
				CLANG_WARN_OBJC_ROOT_CLASS = YES_ERROR;
				CLANG_WARN_RANGE_LOOP_ANALYSIS = YES;
				CLANG_WARN_STRICT_PROTOTYPES = YES;
				CLANG_WARN_SUSPICIOUS_MOVE = YES;
				CLANG_WARN_UNGUARDED_AVAILABILITY = YES_AGGRESSIVE;
				CLANG_WARN_UNREACHABLE_CODE = YES;
				CLANG_WARN__DUPLICATE_METHOD_MATCH = YES;
				COPY_PHASE_STRIP = NO;
				DEBUG_INFORMATION_FORMAT = "dwarf-with-dsym";
				ENABLE_NS_ASSERTIONS = NO;
				ENABLE_STRICT_OBJC_MSGSEND = YES;
				GCC_C_LANGUAGE_STANDARD = gnu11;
				GCC_NO_COMMON_BLOCKS = YES;
				GCC_WARN_64_TO_32_BIT_CONVERSION = YES;
				GCC_WARN_ABOUT_RETURN_TYPE = YES_ERROR;
				GCC_WARN_UNDECLARED_SELECTOR = YES;
				GCC_WARN_UNINITIALIZED_AUTOS = YES_AGGRESSIVE;
				GCC_WARN_UNUSED_FUNCTION = YES;
				GCC_WARN_UNUSED_VARIABLE = YES;
				IPHONEOS_DEPLOYMENT_TARGET = 13.2;
				MTL_ENABLE_DEBUG_INFO = NO;
				MTL_FAST_MATH = YES;
				SDKROOT = iphoneos;
				SWIFT_COMPILATION_MODE = wholemodule;
				SWIFT_OPTIMIZATION_LEVEL = "-O";
				VALIDATE_PRODUCT = YES;
			};
			name = Release;
		};
		DFA06BAE2437AEF300E1BBFF /* Debug */ = {
			isa = XCBuildConfiguration;
			baseConfigurationReference = 7F08FC07D50BEE40290FBA44 /* Pods-ChallengeProject.debug.xcconfig */;
			buildSettings = {
				ASSETCATALOG_COMPILER_APPICON_NAME = AppIcon;
				CODE_SIGN_STYLE = Automatic;
				DEVELOPMENT_TEAM = LNK6YB89GN;
				INFOPLIST_FILE = ChallengeProject/resource/Info.plist;
				LD_RUNPATH_SEARCH_PATHS = (
					"$(inherited)",
					"@executable_path/Frameworks",
				);
				PRODUCT_BUNDLE_IDENTIFIER = com.Lqc.ChallengeProject;
				PRODUCT_NAME = "$(TARGET_NAME)";
				SWIFT_VERSION = 5.0;
				TARGETED_DEVICE_FAMILY = "1,2";
			};
			name = Debug;
		};
		DFA06BAF2437AEF300E1BBFF /* Release */ = {
			isa = XCBuildConfiguration;
			baseConfigurationReference = F3509C1E5570A38B08B6D9BB /* Pods-ChallengeProject.release.xcconfig */;
			buildSettings = {
				ASSETCATALOG_COMPILER_APPICON_NAME = AppIcon;
				CODE_SIGN_STYLE = Automatic;
				DEVELOPMENT_TEAM = LNK6YB89GN;
				INFOPLIST_FILE = ChallengeProject/resource/Info.plist;
				LD_RUNPATH_SEARCH_PATHS = (
					"$(inherited)",
					"@executable_path/Frameworks",
				);
				PRODUCT_BUNDLE_IDENTIFIER = com.Lqc.ChallengeProject;
				PRODUCT_NAME = "$(TARGET_NAME)";
				SWIFT_VERSION = 5.0;
				TARGETED_DEVICE_FAMILY = "1,2";
			};
			name = Release;
		};
		DFA06BB12437AEF300E1BBFF /* Debug */ = {
			isa = XCBuildConfiguration;
			baseConfigurationReference = D0D72FFE61820AB81ED53CDA /* Pods-ChallengeProjectTests.debug.xcconfig */;
			buildSettings = {
				ALWAYS_EMBED_SWIFT_STANDARD_LIBRARIES = YES;
				BUNDLE_LOADER = "$(TEST_HOST)";
				CODE_SIGN_STYLE = Automatic;
				DEVELOPMENT_TEAM = LNK6YB89GN;
				INFOPLIST_FILE = ChallengeProjectTests/Info.plist;
				IPHONEOS_DEPLOYMENT_TARGET = 13.2;
				LD_RUNPATH_SEARCH_PATHS = (
					"$(inherited)",
					"@executable_path/Frameworks",
					"@loader_path/Frameworks",
				);
				PRODUCT_BUNDLE_IDENTIFIER = com.Lqc.ChallengeProjectTests;
				PRODUCT_NAME = "$(TARGET_NAME)";
				SWIFT_VERSION = 5.0;
				TARGETED_DEVICE_FAMILY = "1,2";
				TEST_HOST = "$(BUILT_PRODUCTS_DIR)/ChallengeProject.app/ChallengeProject";
			};
			name = Debug;
		};
		DFA06BB22437AEF300E1BBFF /* Release */ = {
			isa = XCBuildConfiguration;
			baseConfigurationReference = B45A1B549E834527EEF0EEFB /* Pods-ChallengeProjectTests.release.xcconfig */;
			buildSettings = {
				ALWAYS_EMBED_SWIFT_STANDARD_LIBRARIES = YES;
				BUNDLE_LOADER = "$(TEST_HOST)";
				CODE_SIGN_STYLE = Automatic;
				DEVELOPMENT_TEAM = LNK6YB89GN;
				INFOPLIST_FILE = ChallengeProjectTests/Info.plist;
				IPHONEOS_DEPLOYMENT_TARGET = 13.2;
				LD_RUNPATH_SEARCH_PATHS = (
					"$(inherited)",
					"@executable_path/Frameworks",
					"@loader_path/Frameworks",
				);
				PRODUCT_BUNDLE_IDENTIFIER = com.Lqc.ChallengeProjectTests;
				PRODUCT_NAME = "$(TARGET_NAME)";
				SWIFT_VERSION = 5.0;
				TARGETED_DEVICE_FAMILY = "1,2";
				TEST_HOST = "$(BUILT_PRODUCTS_DIR)/ChallengeProject.app/ChallengeProject";
			};
			name = Release;
		};
		DFA06BB42437AEF300E1BBFF /* Debug */ = {
			isa = XCBuildConfiguration;
			baseConfigurationReference = 48C363358B615E4E6330AF7A /* Pods-ChallengeProjectUITests.debug.xcconfig */;
			buildSettings = {
				ALWAYS_EMBED_SWIFT_STANDARD_LIBRARIES = YES;
				CODE_SIGN_STYLE = Automatic;
				DEVELOPMENT_TEAM = LNK6YB89GN;
				INFOPLIST_FILE = ChallengeProjectUITests/Info.plist;
				LD_RUNPATH_SEARCH_PATHS = (
					"$(inherited)",
					"@executable_path/Frameworks",
					"@loader_path/Frameworks",
				);
				PRODUCT_BUNDLE_IDENTIFIER = com.Lqc.ChallengeProjectUITests;
				PRODUCT_NAME = "$(TARGET_NAME)";
				SWIFT_VERSION = 5.0;
				TARGETED_DEVICE_FAMILY = "1,2";
				TEST_TARGET_NAME = ChallengeProject;
			};
			name = Debug;
		};
		DFA06BB52437AEF300E1BBFF /* Release */ = {
			isa = XCBuildConfiguration;
			baseConfigurationReference = 982B5BB39CB8D57A68387B5B /* Pods-ChallengeProjectUITests.release.xcconfig */;
			buildSettings = {
				ALWAYS_EMBED_SWIFT_STANDARD_LIBRARIES = YES;
				CODE_SIGN_STYLE = Automatic;
				DEVELOPMENT_TEAM = LNK6YB89GN;
				INFOPLIST_FILE = ChallengeProjectUITests/Info.plist;
				LD_RUNPATH_SEARCH_PATHS = (
					"$(inherited)",
					"@executable_path/Frameworks",
					"@loader_path/Frameworks",
				);
				PRODUCT_BUNDLE_IDENTIFIER = com.Lqc.ChallengeProjectUITests;
				PRODUCT_NAME = "$(TARGET_NAME)";
				SWIFT_VERSION = 5.0;
				TARGETED_DEVICE_FAMILY = "1,2";
				TEST_TARGET_NAME = ChallengeProject;
			};
			name = Release;
		};
/* End XCBuildConfiguration section */

/* Begin XCConfigurationList section */
		DFA06B7E2437AEF100E1BBFF /* Build configuration list for PBXProject "ChallengeProject" */ = {
			isa = XCConfigurationList;
			buildConfigurations = (
				DFA06BAB2437AEF300E1BBFF /* Debug */,
				DFA06BAC2437AEF300E1BBFF /* Release */,
			);
			defaultConfigurationIsVisible = 0;
			defaultConfigurationName = Release;
		};
		DFA06BAD2437AEF300E1BBFF /* Build configuration list for PBXNativeTarget "ChallengeProject" */ = {
			isa = XCConfigurationList;
			buildConfigurations = (
				DFA06BAE2437AEF300E1BBFF /* Debug */,
				DFA06BAF2437AEF300E1BBFF /* Release */,
			);
			defaultConfigurationIsVisible = 0;
			defaultConfigurationName = Release;
		};
		DFA06BB02437AEF300E1BBFF /* Build configuration list for PBXNativeTarget "ChallengeProjectTests" */ = {
			isa = XCConfigurationList;
			buildConfigurations = (
				DFA06BB12437AEF300E1BBFF /* Debug */,
				DFA06BB22437AEF300E1BBFF /* Release */,
			);
			defaultConfigurationIsVisible = 0;
			defaultConfigurationName = Release;
		};
		DFA06BB32437AEF300E1BBFF /* Build configuration list for PBXNativeTarget "ChallengeProjectUITests" */ = {
			isa = XCConfigurationList;
			buildConfigurations = (
				DFA06BB42437AEF300E1BBFF /* Debug */,
				DFA06BB52437AEF300E1BBFF /* Release */,
			);
			defaultConfigurationIsVisible = 0;
			defaultConfigurationName = Release;
		};
/* End XCConfigurationList section */
	};
	rootObject = DFA06B7B2437AEF100E1BBFF /* Project object */;
}
